{
  "name": "relock-npm-lock-v2-fDRdQq",
  "lockfileVersion": 3,
  "requires": true,
  "packages": {
    "": {
      "dependencies": {
        "trix": "^2.1.3"
      }
    },
    "node_modules/trix": {
      "version": "2.1.3",
      "resolved": "https://registry.npmjs.org/trix/-/trix-2.1.3.tgz",
      "integrity": "sha512-LqMp67LiKMQytAHKqNL1Jgmfz69ViW+WBOQTPA2BlMIuxic1mw5vHgDtOE0bvvojUdjAxh0EJtLpJn6BC/2JKw==",
      "license": "MIT"
    }
  }
}
