{
  "name": "relock-npm-lock-v2-EHLIWG",
  "lockfileVersion": 3,
  "requires": true,
  "packages": {
    "": {
      "dependencies": {
        "trix": "^2.1.4"
      }
    },
    "node_modules/trix": {
      "version": "2.1.4",
      "resolved": "https://registry.npmjs.org/trix/-/trix-2.1.4.tgz",
      "integrity": "sha512-f0AGnqBV8J2qW+fCtVU71JmvzjcxnO5Xbbd6Cl2KrHVRpgXKDqNGTmDmQzNHWU7T2OgtwHwvNiN+OIf3Z3KmHQ==",
      "license": "MIT"
    }
  }
}
