{
  "name": "relock-npm-lock-v2-If0MYN",
  "lockfileVersion": 3,
  "requires": true,
  "packages": {
    "": {
      "dependencies": {
        "trix": "^2.1.6"
      }
    },
    "node_modules/trix": {
      "version": "2.1.6",
      "resolved": "https://registry.npmjs.org/trix/-/trix-2.1.6.tgz",
      "integrity": "sha512-NHX69IkQz/JEQWI++sRryleXWo1PuN8GKjvU+jYgMX6UbN2Pzfg6k46RpmdRl+1q0SyoGbyOZDoFUpNwEdjtXA==",
      "license": "MIT"
    }
  }
}
